// !$*UTF8*$!
{
	archiveVersion = 1;
	classes = {
	};
	objectVersion = 50;
	objects = {

/* Begin PBXBuildFile section */
		B3AA2CE9208415EC0076E898 /* CloudKitProvider.swift in Sources */ = {isa = PBXBuildFile; fileRef = B3AA2CE8208415EC0076E898 /* CloudKitProvider.swift */; };
		B3F61EFA20840B0400B7A52E /* AppDelegate.swift in Sources */ = {isa = PBXBuildFile; fileRef = B3F61EF920840B0400B7A52E /* AppDelegate.swift */; };
		B3F61EFC20840B0400B7A52E /* ListSelectionViewController.swift in Sources */ = {isa = PBXBuildFile; fileRef = B3F61EFB20840B0400B7A52E /* ListSelectionViewController.swift */; };
		B3F61EFF20840B0400B7A52E /* Main.storyboard in Resources */ = {isa = PBXBuildFile; fileRef = B3F61EFD20840B0400B7A52E /* Main.storyboard */; };
		B3F61F0120840B0500B7A52E /* Assets.xcassets in Resources */ = {isa = PBXBuildFile; fileRef = B3F61F0020840B0500B7A52E /* Assets.xcassets */; };
		B3F61F0420840B0500B7A52E /* LaunchScreen.storyboard in Resources */ = {isa = PBXBuildFile; fileRef = B3F61F0220840B0500B7A52E /* LaunchScreen.storyboard */; };
		B3F61F0E20840DE800B7A52E /* CloudKit.framework in Frameworks */ = {isa = PBXBuildFile; fileRef = B3F61F0D20840DE800B7A52E /* CloudKit.framework */; };
/* End PBXBuildFile section */

/* Begin PBXFileReference section */
		B3AA2CE8208415EC0076E898 /* CloudKitProvider.swift */ = {isa = PBXFileReference; lastKnownFileType = sourcecode.swift; name = CloudKitProvider.swift; path = Providers/CloudKitProvider.swift; sourceTree = "<group>"; };
		B3F61EF620840B0400B7A52E /* Chalkboard.app */ = {isa = PBXFileReference; explicitFileType = wrapper.application; includeInIndex = 0; path = Chalkboard.app; sourceTree = BUILT_PRODUCTS_DIR; };
		B3F61EF920840B0400B7A52E /* AppDelegate.swift */ = {isa = PBXFileReference; lastKnownFileType = sourcecode.swift; path = AppDelegate.swift; sourceTree = "<group>"; };
		B3F61EFB20840B0400B7A52E /* ListSelectionViewController.swift */ = {isa = PBXFileReference; lastKnownFileType = sourcecode.swift; path = ListSelectionViewController.swift; sourceTree = "<group>"; };
		B3F61EFE20840B0400B7A52E /* Base */ = {isa = PBXFileReference; lastKnownFileType = file.storyboard; name = Base; path = Base.lproj/Main.storyboard; sourceTree = "<group>"; };
		B3F61F0020840B0500B7A52E /* Assets.xcassets */ = {isa = PBXFileReference; lastKnownFileType = folder.assetcatalog; path = Assets.xcassets; sourceTree = "<group>"; };
		B3F61F0320840B0500B7A52E /* Base */ = {isa = PBXFileReference; lastKnownFileType = file.storyboard; name = Base; path = Base.lproj/LaunchScreen.storyboard; sourceTree = "<group>"; };
		B3F61F0520840B0500B7A52E /* Info.plist */ = {isa = PBXFileReference; lastKnownFileType = text.plist.xml; path = Info.plist; sourceTree = "<group>"; };
		B3F61F0B20840C5200B7A52E /* Chalkboard.entitlements */ = {isa = PBXFileReference; lastKnownFileType = text.plist.entitlements; path = Chalkboard.entitlements; sourceTree = "<group>"; };
		B3F61F0D20840DE800B7A52E /* CloudKit.framework */ = {isa = PBXFileReference; lastKnownFileType = wrapper.framework; name = CloudKit.framework; path = System/Library/Frameworks/CloudKit.framework; sourceTree = SDKROOT; };
/* End PBXFileReference section */

/* Begin PBXFrameworksBuildPhase section */
		B3F61EF320840B0400B7A52E /* Frameworks */ = {
			isa = PBXFrameworksBuildPhase;
			buildActionMask = 2147483647;
			files = (
				B3F61F0E20840DE800B7A52E /* CloudKit.framework in Frameworks */,
			);
			runOnlyForDeploymentPostprocessing = 0;
		};
/* End PBXFrameworksBuildPhase section */

/* Begin PBXGroup section */
		B3F61EED20840B0400B7A52E = {
			isa = PBXGroup;
			children = (
				B3F61EF820840B0400B7A52E /* Chalkboard */,
				B3F61EF720840B0400B7A52E /* Products */,
				B3F61F0C20840DE800B7A52E /* Frameworks */,
			);
			sourceTree = "<group>";
		};
		B3F61EF720840B0400B7A52E /* Products */ = {
			isa = PBXGroup;
			children = (
				B3F61EF620840B0400B7A52E /* Chalkboard.app */,
			);
			name = Products;
			sourceTree = "<group>";
		};
		B3F61EF820840B0400B7A52E /* Chalkboard */ = {
			isa = PBXGroup;
			children = (
				B3F61F0B20840C5200B7A52E /* Chalkboard.entitlements */,
				B3F61EF920840B0400B7A52E /* AppDelegate.swift */,
				B3F61EFB20840B0400B7A52E /* ListSelectionViewController.swift */,
				B3AA2CE8208415EC0076E898 /* CloudKitProvider.swift */,
				B3F61EFD20840B0400B7A52E /* Main.storyboard */,
				B3F61F0020840B0500B7A52E /* Assets.xcassets */,
				B3F61F0220840B0500B7A52E /* LaunchScreen.storyboard */,
				B3F61F0520840B0500B7A52E /* Info.plist */,
			);
			path = Chalkboard;
			sourceTree = "<group>";
		};
		B3F61F0C20840DE800B7A52E /* Frameworks */ = {
			isa = PBXGroup;
			children = (
				B3F61F0D20840DE800B7A52E /* CloudKit.framework */,
			);
			name = Frameworks;
			sourceTree = "<group>";
		};
/* End PBXGroup section */

/* Begin PBXNativeTarget section */
		B3F61EF520840B0400B7A52E /* Chalkboard */ = {
			isa = PBXNativeTarget;
			buildConfigurationList = B3F61F0820840B0500B7A52E /* Build configuration list for PBXNativeTarget "Chalkboard" */;
			buildPhases = (
				B3F61EF220840B0400B7A52E /* Sources */,
				B3F61EF320840B0400B7A52E /* Frameworks */,
				B3F61EF420840B0400B7A52E /* Resources */,
			);
			buildRules = (
			);
			dependencies = (
			);
			name = Chalkboard;
			productName = Chalkboard;
			productReference = B3F61EF620840B0400B7A52E /* Chalkboard.app */;
			productType = "com.apple.product-type.application";
		};
/* End PBXNativeTarget section */

/* Begin PBXProject section */
		B3F61EEE20840B0400B7A52E /* Project object */ = {
			isa = PBXProject;
			attributes = {
				LastSwiftUpdateCheck = 0930;
				LastUpgradeCheck = 0930;
				ORGANIZATIONNAME = "Connor Smith";
				TargetAttributes = {
					B3F61EF520840B0400B7A52E = {
						CreatedOnToolsVersion = 9.3;
						SystemCapabilities = {
							com.apple.Push = {
								enabled = 1;
							};
							com.apple.iCloud = {
								enabled = 1;
							};
						};
					};
				};
			};
			buildConfigurationList = B3F61EF120840B0400B7A52E /* Build configuration list for PBXProject "Chalkboard" */;
			compatibilityVersion = "Xcode 9.3";
			developmentRegion = en;
			hasScannedForEncodings = 0;
			knownRegions = (
				en,
				Base,
			);
			mainGroup = B3F61EED20840B0400B7A52E;
			productRefGroup = B3F61EF720840B0400B7A52E /* Products */;
			projectDirPath = "";
			projectRoot = "";
			targets = (
				B3F61EF520840B0400B7A52E /* Chalkboard */,
			);
		};
/* End PBXProject section */

/* Begin PBXResourcesBuildPhase section */
		B3F61EF420840B0400B7A52E /* Resources */ = {
			isa = PBXResourcesBuildPhase;
			buildActionMask = 2147483647;
			files = (
				B3F61F0420840B0500B7A52E /* LaunchScreen.storyboard in Resources */,
				B3F61F0120840B0500B7A52E /* Assets.xcassets in Resources */,
				B3F61EFF20840B0400B7A52E /* Main.storyboard in Resources */,
			);
			runOnlyForDeploymentPostprocessing = 0;
		};
/* End PBXResourcesBuildPhase section */

/* Begin PBXSourcesBuildPhase section */
		B3F61EF220840B0400B7A52E /* Sources */ = {
			isa = PBXSourcesBuildPhase;
			buildActionMask = 2147483647;
			files = (
				B3F61EFC20840B0400B7A52E /* ListSelectionViewController.swift in Sources */,
				B3F61EFA20840B0400B7A52E /* AppDelegate.swift in Sources */,
				B3AA2CE9208415EC0076E898 /* CloudKitProvider.swift in Sources */,
			);
			runOnlyForDeploymentPostprocessing = 0;
		};
/* End PBXSourcesBuildPhase section */

/* Begin PBXVariantGroup section */
		B3F61EFD20840B0400B7A52E /* Main.storyboard */ = {
			isa = PBXVariantGroup;
			children = (
				B3F61EFE20840B0400B7A52E /* Base */,
			);
			name = Main.storyboard;
			sourceTree = "<group>";
		};
		B3F61F0220840B0500B7A52E /* LaunchScreen.storyboard */ = {
			isa = PBXVariantGroup;
			children = (
				B3F61F0320840B0500B7A52E /* Base */,
			);
			name = LaunchScreen.storyboard;
			sourceTree = "<group>";
		};
/* End PBXVariantGroup section */

/* Begin XCBuildConfiguration section */
		B3F61F0620840B0500B7A52E /* Debug */ = {
			isa = XCBuildConfiguration;
			buildSettings = {
				ALWAYS_SEARCH_USER_PATHS = NO;
				CLANG_ANALYZER_NONNULL = YES;
				CLANG_ANALYZER_NUMBER_OBJECT_CONVERSION = YES_AGGRESSIVE;
				CLANG_CXX_LANGUAGE_STANDARD = "gnu++14";
				CLANG_CXX_LIBRARY = "libc++";
				CLANG_ENABLE_MODULES = YES;
				CLANG_ENABLE_OBJC_ARC = YES;
				CLANG_ENABLE_OBJC_WEAK = YES;
				CLANG_WARN_BLOCK_CAPTURE_AUTORELEASING = YES;
				CLANG_WARN_BOOL_CONVERSION = YES;
				CLANG_WARN_COMMA = YES;
				CLANG_WARN_CONSTANT_CONVERSION = YES;
				CLANG_WARN_DEPRECATED_OBJC_IMPLEMENTATIONS = YES;
				CLANG_WARN_DIRECT_OBJC_ISA_USAGE = YES_ERROR;
				CLANG_WARN_DOCUMENTATION_COMMENTS = YES;
				CLANG_WARN_EMPTY_BODY = YES;
				CLANG_WARN_ENUM_CONVERSION = YES;
				CLANG_WARN_INFINITE_RECURSION = YES;
				CLANG_WARN_INT_CONVERSION = YES;
				CLANG_WARN_NON_LITERAL_NULL_CONVERSION = YES;
				CLANG_WARN_OBJC_IMPLICIT_RETAIN_SELF = YES;
				CLANG_WARN_OBJC_LITERAL_CONVERSION = YES;
				CLANG_WARN_OBJC_ROOT_CLASS = YES_ERROR;
				CLANG_WARN_RANGE_LOOP_ANALYSIS = YES;
				CLANG_WARN_STRICT_PROTOTYPES = YES;
				CLANG_WARN_SUSPICIOUS_MOVE = YES;
				CLANG_WARN_UNGUARDED_AVAILABILITY = YES_AGGRESSIVE;
				CLANG_WARN_UNREACHABLE_CODE = YES;
				CLANG_WARN__DUPLICATE_METHOD_MATCH = YES;
				CODE_SIGN_IDENTITY = "iPhone Developer";
				COPY_PHASE_STRIP = NO;
				DEBUG_INFORMATION_FORMAT = dwarf;
				ENABLE_STRICT_OBJC_MSGSEND = YES;
				ENABLE_TESTABILITY = YES;
				GCC_C_LANGUAGE_STANDARD = gnu11;
				GCC_DYNAMIC_NO_PIC = NO;
				GCC_NO_COMMON_BLOCKS = YES;
				GCC_OPTIMIZATION_LEVEL = 0;
				GCC_PREPROCESSOR_DEFINITIONS = (
					"DEBUG=1",
					"$(inherited)",
				);
				GCC_WARN_64_TO_32_BIT_CONVERSION = YES;
				GCC_WARN_ABOUT_RETURN_TYPE = YES_ERROR;
				GCC_WARN_UNDECLARED_SELECTOR = YES;
				GCC_WARN_UNINITIALIZED_AUTOS = YES_AGGRESSIVE;
				GCC_WARN_UNUSED_FUNCTION = YES;
				GCC_WARN_UNUSED_VARIABLE = YES;
				IPHONEOS_DEPLOYMENT_TARGET = 11.3;
				MTL_ENABLE_DEBUG_INFO = YES;
				ONLY_ACTIVE_ARCH = YES;
				SDKROOT = iphoneos;
				SWIFT_ACTIVE_COMPILATION_CONDITIONS = DEBUG;
				SWIFT_OPTIMIZATION_LEVEL = "-Onone";
			};
			name = Debug;
		};
		B3F61F0720840B0500B7A52E /* Release */ = {
			isa = XCBuildConfiguration;
			buildSettings = {
				ALWAYS_SEARCH_USER_PATHS = NO;
				CLANG_ANALYZER_NONNULL = YES;
				CLANG_ANALYZER_NUMBER_OBJECT_CONVERSION = YES_AGGRESSIVE;
				CLANG_CXX_LANGUAGE_STANDARD = "gnu++14";
				CLANG_CXX_LIBRARY = "libc++";
				CLANG_ENABLE_MODULES = YES;
				CLANG_ENABLE_OBJC_ARC = YES;
				CLANG_ENABLE_OBJC_WEAK = YES;
				CLANG_WARN_BLOCK_CAPTURE_AUTORELEASING = YES;
				CLANG_WARN_BOOL_CONVERSION = YES;
				CLANG_WARN_COMMA = YES;
				CLANG_WARN_CONSTANT_CONVERSION = YES;
				CLANG_WARN_DEPRECATED_OBJC_IMPLEMENTATIONS = YES;
				CLANG_WARN_DIRECT_OBJC_ISA_USAGE = YES_ERROR;
				CLANG_WARN_DOCUMENTATION_COMMENTS = YES;
				CLANG_WARN_EMPTY_BODY = YES;
				CLANG_WARN_ENUM_CONVERSION = YES;
				CLANG_WARN_INFINITE_RECURSION = YES;
				CLANG_WARN_INT_CONVERSION = YES;
				CLANG_WARN_NON_LITERAL_NULL_CONVERSION = YES;
				CLANG_WARN_OBJC_IMPLICIT_RETAIN_SELF = YES;
				CLANG_WARN_OBJC_LITERAL_CONVERSION = YES;
				CLANG_WARN_OBJC_ROOT_CLASS = YES_ERROR;
				CLANG_WARN_RANGE_LOOP_ANALYSIS = YES;
				CLANG_WARN_STRICT_PROTOTYPES = YES;
				CLANG_WARN_SUSPICIOUS_MOVE = YES;
				CLANG_WARN_UNGUARDED_AVAILABILITY = YES_AGGRESSIVE;
				CLANG_WARN_UNREACHABLE_CODE = YES;
				CLANG_WARN__DUPLICATE_METHOD_MATCH = YES;
				CODE_SIGN_IDENTITY = "iPhone Developer";
				COPY_PHASE_STRIP = NO;
				DEBUG_INFORMATION_FORMAT = "dwarf-with-dsym";
				ENABLE_NS_ASSERTIONS = NO;
				ENABLE_STRICT_OBJC_MSGSEND = YES;
				GCC_C_LANGUAGE_STANDARD = gnu11;
				GCC_NO_COMMON_BLOCKS = YES;
				GCC_WARN_64_TO_32_BIT_CONVERSION = YES;
				GCC_WARN_ABOUT_RETURN_TYPE = YES_ERROR;
				GCC_WARN_UNDECLARED_SELECTOR = YES;
				GCC_WARN_UNINITIALIZED_AUTOS = YES_AGGRESSIVE;
				GCC_WARN_UNUSED_FUNCTION = YES;
				GCC_WARN_UNUSED_VARIABLE = YES;
				IPHONEOS_DEPLOYMENT_TARGET = 11.3;
				MTL_ENABLE_DEBUG_INFO = NO;
				SDKROOT = iphoneos;
				SWIFT_COMPILATION_MODE = wholemodule;
				SWIFT_OPTIMIZATION_LEVEL = "-O";
				VALIDATE_PRODUCT = YES;
			};
			name = Release;
		};
		B3F61F0920840B0500B7A52E /* Debug */ = {
			isa = XCBuildConfiguration;
			buildSettings = {
				ASSETCATALOG_COMPILER_APPICON_NAME = AppIcon;
				CODE_SIGN_ENTITLEMENTS = Chalkboard/Chalkboard.entitlements;
				CODE_SIGN_STYLE = Automatic;
				DEVELOPMENT_TEAM = 7E5TY2V4FD;
				INFOPLIST_FILE = Chalkboard/Info.plist;
				LD_RUNPATH_SEARCH_PATHS = (
					"$(inherited)",
					"@executable_path/Frameworks",
				);
				PRODUCT_BUNDLE_IDENTIFIER = connor.Chalkboard;
				PRODUCT_NAME = "$(TARGET_NAME)";
				SWIFT_VERSION = 4.0;
				TARGETED_DEVICE_FAMILY = "1,2";
			};
			name = Debug;
		};
		B3F61F0A20840B0500B7A52E /* Release */ = {
			isa = XCBuildConfiguration;
			buildSettings = {
				ASSETCATALOG_COMPILER_APPICON_NAME = AppIcon;
				CODE_SIGN_ENTITLEMENTS = Chalkboard/Chalkboard.entitlements;
				CODE_SIGN_STYLE = Automatic;
				DEVELOPMENT_TEAM = 7E5TY2V4FD;
				INFOPLIST_FILE = Chalkboard/Info.plist;
				LD_RUNPATH_SEARCH_PATHS = (
					"$(inherited)",
					"@executable_path/Frameworks",
				);
				PRODUCT_BUNDLE_IDENTIFIER = connor.Chalkboard;
				PRODUCT_NAME = "$(TARGET_NAME)";
				SWIFT_VERSION = 4.0;
				TARGETED_DEVICE_FAMILY = "1,2";
			};
			name = Release;
		};
/* End XCBuildConfiguration section */

/* Begin XCConfigurationList section */
		B3F61EF120840B0400B7A52E /* Build configuration list for PBXProject "Chalkboard" */ = {
			isa = XCConfigurationList;
			buildConfigurations = (
				B3F61F0620840B0500B7A52E /* Debug */,
				B3F61F0720840B0500B7A52E /* Release */,
			);
			defaultConfigurationIsVisible = 0;
			defaultConfigurationName = Release;
		};
		B3F61F0820840B0500B7A52E /* Build configuration list for PBXNativeTarget "Chalkboard" */ = {
			isa = XCConfigurationList;
			buildConfigurations = (
				B3F61F0920840B0500B7A52E /* Debug */,
				B3F61F0A20840B0500B7A52E /* Release */,
			);
			defaultConfigurationIsVisible = 0;
			defaultConfigurationName = Release;
		};
/* End XCConfigurationList section */
	};
	rootObject = B3F61EEE20840B0400B7A52E /* Project object */;
}
